
Microsoft Visual Studio Solution File, Format Version 12.00
# Visual Studio Version 17
VisualStudioVersion = 17.5.33502.453
MinimumVisualStudioVersion = 10.0.40219.1
Project("{8BC9CEB8-8B4A-11D0-8D11-00A0C91BC942}") = "R2RML2019", "R2RML2019.vcxproj", "{96A843DC-E5A6-49FB-8E44-7212CE2A5419}"
EndProject
Global
	GlobalSection(SolutionConfigurationPlatforms) = preSolution
		Debug|x64 = Debug|x64
		Debug|x86 = Debug|x86
		Release|x64 = Release|x64
		Release|x86 = Release|x86
	EndGlobalSection
	GlobalSection(ProjectConfigurationPlatforms) = postSolution
		{96A843DC-E5A6-49FB-8E44-7212CE2A5419}.Debug|x64.ActiveCfg = Debug|x64
		{96A843DC-E5A6-49FB-8E44-7212CE2A5419}.Debug|x64.Build.0 = Debug|x64
		{96A843DC-E5A6-49FB-8E44-7212CE2A5419}.Debug|x86.ActiveCfg = Debug|Win32
		{96A843DC-E5A6-49FB-8E44-7212CE2A5419}.Debug|x86.Build.0 = Debug|Win32
		{96A843DC-E5A6-49FB-8E44-7212CE2A5419}.Release|x64.ActiveCfg = Release|x64
		{96A843DC-E5A6-49FB-8E44-7212CE2A5419}.Release|x64.Build.0 = Release|x64
		{96A843DC-E5A6-49FB-8E44-7212CE2A5419}.Release|x86.ActiveCfg = Release|Win32
		{96A843DC-E5A6-49FB-8E44-7212CE2A5419}.Release|x86.Build.0 = Release|Win32
	EndGlobalSection
	GlobalSection(SolutionProperties) = preSolution
		HideSolutionNode = FALSE
	EndGlobalSection
	GlobalSection(ExtensibilityGlobals) = postSolution
		SolutionGuid = {34B40380-774F-44E6-BA91-625B40DAE0A6}
	EndGlobalSection
EndGlobal
