<?xml version="1.0" encoding="utf-8"?>
<Project ToolsVersion="4.0" xmlns="http://schemas.microsoft.com/developer/msbuild/2003">
  <ItemGroup>
    <Filter Include="Source Files">
      <UniqueIdentifier>{4FC737F1-C7A5-4376-A066-2A32D752A2FF}</UniqueIdentifier>
      <Extensions>cpp;c;cc;cxx;def;odl;idl;hpj;bat;asm;asmx</Extensions>
    </Filter>
    <Filter Include="Header Files">
      <UniqueIdentifier>{93995380-89BD-4b04-88EB-625FBE52EBFB}</UniqueIdentifier>
      <Extensions>h;hh;hpp;hxx;hm;inl;inc;xsd</Extensions>
    </Filter>
    <Filter Include="Resource Files">
      <UniqueIdentifier>{67DA6AB6-F800-4c08-8B7A-83BB121AAD01}</UniqueIdentifier>
      <Extensions>rc;ico;cur;bmp;dlg;rc2;rct;bin;rgs;gif;jpg;jpeg;jpe;resx;tiff;tif;png;wav</Extensions>
    </Filter>
  </ItemGroup>
  <ItemGroup>
    <ClCompile Include="main.cpp">
      <Filter>Source Files</Filter>
    </ClCompile>
    <ClCompile Include="kvstore\ConKVStore.cpp">
      <Filter>Source Files</Filter>
    </ClCompile>
    <ClCompile Include="kvstore\KVstore.cpp">
      <Filter>Source Files</Filter>
    </ClCompile>
    <ClCompile Include="mapping\Handle.cpp">
      <Filter>Source Files</Filter>
    </ClCompile>
    <ClCompile Include="mapping\R2RMLParesr.cpp">
      <Filter>Source Files</Filter>
    </ClCompile>
    <ClCompile Include="mapping\SelectQuery.cpp">
      <Filter>Source Files</Filter>
    </ClCompile>
    <ClCompile Include="mapping\TriplesMap.cpp">
      <Filter>Source Files</Filter>
    </ClCompile>
    <ClCompile Include="parser\RDFParser.cpp">
      <Filter>Source Files</Filter>
    </ClCompile>
    <ClCompile Include="parser\TurtleParser.cpp">
      <Filter>Source Files</Filter>
    </ClCompile>
    <ClCompile Include="util\Triple.cpp">
      <Filter>Source Files</Filter>
    </ClCompile>
  </ItemGroup>
  <ItemGroup>
    <ClInclude Include="kvstore\ConKVStore.h">
      <Filter>Header Files</Filter>
    </ClInclude>
    <ClInclude Include="kvstore\KVstore.h">
      <Filter>Header Files</Filter>
    </ClInclude>
    <ClInclude Include="mapping\Handle.h">
      <Filter>Header Files</Filter>
    </ClInclude>
    <ClInclude Include="mapping\R2RMLParser.h">
      <Filter>Header Files</Filter>
    </ClInclude>
    <ClInclude Include="mapping\SelectQuery.h">
      <Filter>Header Files</Filter>
    </ClInclude>
    <ClInclude Include="mapping\TriplesMap.h">
      <Filter>Header Files</Filter>
    </ClInclude>
    <ClInclude Include="parser\cmdLine.h">
      <Filter>Header Files</Filter>
    </ClInclude>
    <ClInclude Include="parser\RDFParser.h">
      <Filter>Header Files</Filter>
    </ClInclude>
    <ClInclude Include="parser\TurtleParser.h">
      <Filter>Header Files</Filter>
    </ClInclude>
    <ClInclude Include="parser\Type.h">
      <Filter>Header Files</Filter>
    </ClInclude>
    <ClInclude Include="util\Logger.h">
      <Filter>Header Files</Filter>
    </ClInclude>
    <ClInclude Include="util\PairHash.h">
      <Filter>Header Files</Filter>
    </ClInclude>
    <ClInclude Include="util\Triple.h">
      <Filter>Header Files</Filter>
    </ClInclude>
    <ClInclude Include="util\Utility.h">
      <Filter>Header Files</Filter>
    </ClInclude>
  </ItemGroup>
</Project>